
Microsoft Visual Studio Solution File, Format Version 12.00
# Visual Studio 2012
Project("{FAE04EC0-301F-11D3-BF4B-00C04F79EFBC}") = "UsingObjects", "UsingObjects\UsingObjects.csproj", "{69BD8710-C04F-4864-B93D-F6D716AABC0F}"
EndProject
Global
	GlobalSection(SolutionConfigurationPlatforms) = preSolution
		Debug|Any CPU = Debug|Any CPU
		Release|Any CPU = Release|Any CPU
	EndGlobalSection
	GlobalSection(ProjectConfigurationPlatforms) = postSolution
		{69BD8710-C04F-4864-B93D-F6D716AABC0F}.Debug|Any CPU.ActiveCfg = Debug|Any CPU
		{69BD8710-C04F-4864-B93D-F6D716AABC0F}.Debug|Any CPU.Build.0 = Debug|Any CPU
		{69BD8710-C04F-4864-B93D-F6D716AABC0F}.Release|Any CPU.ActiveCfg = Release|Any CPU
		{69BD8710-C04F-4864-B93D-F6D716AABC0F}.Release|Any CPU.Build.0 = Release|Any CPU
	EndGlobalSection
	GlobalSection(SolutionProperties) = preSolution
		HideSolutionNode = FALSE
	EndGlobalSection
EndGlobal
