
Microsoft Visual Studio Solution File, Format Version 11.00
# Visual Web Developer Express 2010
Project("{FAE04EC0-301F-11D3-BF4B-00C04F79EFBC}") = "LayotHomework", "LayotHomework\LayotHomework.csproj", "{117154DA-4D3E-45AF-A918-326966F3B237}"
EndProject
Global
	GlobalSection(SolutionConfigurationPlatforms) = preSolution
		Debug|Any CPU = Debug|Any CPU
		Release|Any CPU = Release|Any CPU
	EndGlobalSection
	GlobalSection(ProjectConfigurationPlatforms) = postSolution
		{117154DA-4D3E-45AF-A918-326966F3B237}.Debug|Any CPU.ActiveCfg = Debug|Any CPU
		{117154DA-4D3E-45AF-A918-326966F3B237}.Debug|Any CPU.Build.0 = Debug|Any CPU
		{117154DA-4D3E-45AF-A918-326966F3B237}.Release|Any CPU.ActiveCfg = Release|Any CPU
		{117154DA-4D3E-45AF-A918-326966F3B237}.Release|Any CPU.Build.0 = Release|Any CPU
	EndGlobalSection
	GlobalSection(SolutionProperties) = preSolution
		HideSolutionNode = FALSE
	EndGlobalSection
EndGlobal
