
Microsoft Visual Studio Solution File, Format Version 11.00
# Visual Web Developer Express 2010
Project("{FAE04EC0-301F-11D3-BF4B-00C04F79EFBC}") = "OverviewHomework", "OverviewHomework\OverviewHomework.csproj", "{707C600D-E480-4DD9-8EDB-784ED0813CCB}"
EndProject
Global
	GlobalSection(SolutionConfigurationPlatforms) = preSolution
		Debug|Any CPU = Debug|Any CPU
		Release|Any CPU = Release|Any CPU
	EndGlobalSection
	GlobalSection(ProjectConfigurationPlatforms) = postSolution
		{707C600D-E480-4DD9-8EDB-784ED0813CCB}.Debug|Any CPU.ActiveCfg = Debug|Any CPU
		{707C600D-E480-4DD9-8EDB-784ED0813CCB}.Debug|Any CPU.Build.0 = Debug|Any CPU
		{707C600D-E480-4DD9-8EDB-784ED0813CCB}.Release|Any CPU.ActiveCfg = Release|Any CPU
		{707C600D-E480-4DD9-8EDB-784ED0813CCB}.Release|Any CPU.Build.0 = Release|Any CPU
	EndGlobalSection
	GlobalSection(SolutionProperties) = preSolution
		HideSolutionNode = FALSE
	EndGlobalSection
EndGlobal
